
Microsoft Visual Studio Solution File, Format Version 12.00
# Visual Studio 15
VisualStudioVersion = 15.0.27004.2005
MinimumVisualStudioVersion = 10.0.40219.1
Project("{FAE04EC0-301F-11D3-BF4B-00C04F79EFBC}") = "SteamKitDeadlock", "SteamKitDeadlock\SteamKitDeadlock.csproj", "{929677F1-067C-4BF4-95B5-D64032C6131D}"
EndProject
Global
	GlobalSection(SolutionConfigurationPlatforms) = preSolution
		Debug|Any CPU = Debug|Any CPU
		Release|Any CPU = Release|Any CPU
	EndGlobalSection
	GlobalSection(ProjectConfigurationPlatforms) = postSolution
		{929677F1-067C-4BF4-95B5-D64032C6131D}.Debug|Any CPU.ActiveCfg = Debug|Any CPU
		{929677F1-067C-4BF4-95B5-D64032C6131D}.Debug|Any CPU.Build.0 = Debug|Any CPU
		{929677F1-067C-4BF4-95B5-D64032C6131D}.Release|Any CPU.ActiveCfg = Release|Any CPU
		{929677F1-067C-4BF4-95B5-D64032C6131D}.Release|Any CPU.Build.0 = Release|Any CPU
	EndGlobalSection
	GlobalSection(SolutionProperties) = preSolution
		HideSolutionNode = FALSE
	EndGlobalSection
	GlobalSection(ExtensibilityGlobals) = postSolution
		SolutionGuid = {D50797C8-496B-4D47-B649-BF1969E97627}
	EndGlobalSection
EndGlobal
